
Microsoft Visual Studio Solution File, Format Version 12.00
# Visual Studio 15
VisualStudioVersion = 15.0.28307.645
MinimumVisualStudioVersion = 10.0.40219.1
Project("{151D2E53-A2C4-4D7D-83FE-D05416EBD58E}") = "Deployment", "Deployment\Deployment.deployproj", "{05B582C4-AB26-4455-A809-6326D653BE31}"
EndProject
Global
	GlobalSection(SolutionConfigurationPlatforms) = preSolution
		Debug|Any CPU = Debug|Any CPU
		Release|Any CPU = Release|Any CPU
	EndGlobalSection
	GlobalSection(ProjectConfigurationPlatforms) = postSolution
		{05B582C4-AB26-4455-A809-6326D653BE31}.Debug|Any CPU.ActiveCfg = Debug|Any CPU
		{05B582C4-AB26-4455-A809-6326D653BE31}.Debug|Any CPU.Build.0 = Debug|Any CPU
		{05B582C4-AB26-4455-A809-6326D653BE31}.Release|Any CPU.ActiveCfg = Release|Any CPU
		{05B582C4-AB26-4455-A809-6326D653BE31}.Release|Any CPU.Build.0 = Release|Any CPU
	EndGlobalSection
	GlobalSection(SolutionProperties) = preSolution
		HideSolutionNode = FALSE
	EndGlobalSection
	GlobalSection(ExtensibilityGlobals) = postSolution
		SolutionGuid = {21A49A80-1FB2-4B1B-ACC4-E3DB61626C04}
	EndGlobalSection
EndGlobal
